
Microsoft Visual Studio Solution File, Format Version 11.00
# Visual Studio 2010
# SharpDevelop 4.3
Project("{FAE04EC0-301F-11D3-BF4B-00C04F79EFBC}") = "demo_service", "demo_service\demo_service.csproj", "{5CE8FCB6-9EB4-4290-9E95-B2F252C12C90}"
EndProject
Project("{FAE04EC0-301F-11D3-BF4B-00C04F79EFBC}") = "SkyLib", "lib\skylib-source\SkyLib.csproj", "{6018DC4A-ACD2-4A66-A4A5-1975FC28639A}"
EndProject
Project("{FAE04EC0-301F-11D3-BF4B-00C04F79EFBC}") = "demo_service_tester", "demo_service_tester\demo_service_tester.csproj", "{2B161D8F-1EB1-4BF7-83FD-15930E12D4F2}"
EndProject
Global
	GlobalSection(SolutionConfigurationPlatforms) = preSolution
		Debug|Any CPU = Debug|Any CPU
		Release|Any CPU = Release|Any CPU
	EndGlobalSection
	GlobalSection(ProjectConfigurationPlatforms) = postSolution
		{5CE8FCB6-9EB4-4290-9E95-B2F252C12C90}.Debug|Any CPU.Build.0 = Debug|Any CPU
		{5CE8FCB6-9EB4-4290-9E95-B2F252C12C90}.Debug|Any CPU.ActiveCfg = Debug|Any CPU
		{5CE8FCB6-9EB4-4290-9E95-B2F252C12C90}.Release|Any CPU.Build.0 = Release|Any CPU
		{5CE8FCB6-9EB4-4290-9E95-B2F252C12C90}.Release|Any CPU.ActiveCfg = Release|Any CPU
		{6018DC4A-ACD2-4A66-A4A5-1975FC28639A}.Debug|Any CPU.Build.0 = Debug|x86
		{6018DC4A-ACD2-4A66-A4A5-1975FC28639A}.Debug|Any CPU.ActiveCfg = Debug|x86
		{6018DC4A-ACD2-4A66-A4A5-1975FC28639A}.Release|Any CPU.Build.0 = Release|x86
		{6018DC4A-ACD2-4A66-A4A5-1975FC28639A}.Release|Any CPU.ActiveCfg = Release|x86
		{2B161D8F-1EB1-4BF7-83FD-15930E12D4F2}.Debug|Any CPU.Build.0 = Debug|Any CPU
		{2B161D8F-1EB1-4BF7-83FD-15930E12D4F2}.Debug|Any CPU.ActiveCfg = Debug|Any CPU
		{2B161D8F-1EB1-4BF7-83FD-15930E12D4F2}.Release|Any CPU.Build.0 = Release|Any CPU
		{2B161D8F-1EB1-4BF7-83FD-15930E12D4F2}.Release|Any CPU.ActiveCfg = Release|Any CPU
	EndGlobalSection
EndGlobal
